# THIS IS AN AUTOGENERATED FILE. DO NOT EDIT THIS FILE DIRECTLY.
# yarn lockfile v1


class@^0.1.4:
  version "0.1.4"
  resolved "https://registry.yarnpkg.com/class/-/class-0.1.4.tgz#92620d448694603457a39da296554d36ceea2b1f"
  integrity sha512-bLVg+g7slPspef6I/W/TkJG3A4XhUPZyjMaeHc23lVm7hr7jaTgpftQAGtKY2UCa67Zfg17sNGsrC74MWsMDaQ==

validator@^13.15.0:
  version "13.15.0"
  resolved "https://registry.yarnpkg.com/validator/-/validator-13.15.0.tgz#2dc7ce057e7513a55585109eec29b2c8e8c1aefd"
  integrity sha512-36B2ryl4+oL5QxZ3AzD0t5SsMNGvTtQHpjgFO5tbNxfXbMFkY822ktCDe1MnlqV3301QQI9SLHDNJokDI+Z9pA==
